{
  "version": 4,
  "terraform_version": "1.0.1",
  "serial": 4,
  "lineage": "1430a57f-5142-5bc1-f629-85bd5b13f653",
  "outputs": {},
  "resources": [
    {
      "mode": "data",
      "type": "digitalocean_ssh_key",
      "name": "reb_key",
      "provider": "provider[\"registry.terraform.io/digitalocean/digitalocean\"]",
      "instances": [
        {
          "schema_version": 0,
          "attributes": {
            "fingerprint": "95:23:66:57:56:2e:5a:47:85:fb:86:73:ca:b5:90:e7",
            "id": 29465146,
            "name": "REBRAIN.SSH.PUB.KEY",
            "public_key": "ssh-rsa AAAAB3NzaC1yc2EAAAADAQABAAABAQDNm4pL78YE6j9FTD6lGPzGIXl94q2118orskmYoSfr5qzZspXhhLlMu2Y9R20/8KVns1T8j9Q/fb9X33MtjuPRoNmz5LPIqoIYblbujdFqt+5vpz2YbfHPEBC5GrN2XHw4wFzyXCki5DaYC6Ktj2brJGUJomrIc2hwzK+wV2ncGLZv73E1+sDUdGuuLFeU60lvrK6fp03KN3Dyouc61RDPmG81omA5obcf4jBdA6FjoOpVq64XYqR0kzUhM2DXKsnagfkV9oFBfDdz3U+JZRz7ubR4iPtojq5LyQE8Ah3q2CDPxrEBKkJbglRoPBRQ0NGtyNH83HfIPZctkLMx8ja3"
          },
          "sensitive_attributes": []
        }
      ]
    },
    {
      "mode": "managed",
      "type": "digitalocean_droplet",
      "name": "node1",
      "provider": "provider[\"registry.terraform.io/digitalocean/digitalocean\"]",
      "instances": [
        {
          "schema_version": 1,
          "attributes": {
            "backups": false,
            "created_at": "2021-06-28T18:54:39Z",
            "disk": 50,
            "id": "252583614",
            "image": "ubuntu-20-04-x64",
            "ipv4_address": "159.65.126.48",
            "ipv4_address_private": "10.135.0.5",
            "ipv6": false,
            "ipv6_address": "",
            "locked": false,
            "memory": 2048,
            "monitoring": false,
            "name": "welcome-news",
            "price_hourly": 0.01488,
            "price_monthly": 10,
            "private_networking": true,
            "region": "fra1",
            "resize_disk": true,
            "size": "s-1vcpu-2gb",
            "ssh_keys": [
              "29465146",
              "30695577"
            ],
            "status": "active",
            "tags": null,
            "urn": "do:droplet:252583614",
            "user_data": null,
            "vcpus": 1,
            "volume_ids": [],
            "vpc_uuid": "e40e6761-b906-44de-8749-3535d086fcc7"
          },
          "sensitive_attributes": [],
          "private": "eyJzY2hlbWFfdmVyc2lvbiI6IjEifQ==",
          "dependencies": [
            "data.digitalocean_ssh_key.reb_key",
            "digitalocean_ssh_key.my"
          ]
        }
      ]
    },
    {
      "mode": "managed",
      "type": "digitalocean_ssh_key",
      "name": "my",
      "provider": "provider[\"registry.terraform.io/digitalocean/digitalocean\"]",
      "instances": [
        {
          "schema_version": 0,
          "attributes": {
            "fingerprint": "dd:81:20:50:c2:4a:43:cc:1f:e6:f2:0b:02:60:16:d4",
            "id": "30695577",
            "name": "My_id_rsa",
            "public_key": "ssh-rsa AAAAB3NzaC1yc2EAAAADAQABAAABgQDBdK+39nAhLyP932ZRGuu0QusGN9AgElknsfWdQfA/ru7tlwPUVYWeW4P4pFxUJOHZxjP4sj3CRAPT0VVBNI88r3s0YqM5fr7bG3kZSjVaXsZ56RoS+NuhYlNyPnWpD5Fdv+Adj9qZG5RaylFlxYAoHg4rpHOa3g6xx6KeWjBwUJ1DnY4xAonc70K35o/b5/xd37JTu75GqiKWTUsddTn1sTJHJs1oN9fzFABiskSf1TnZ4wdw2YIiTMWJzd3eBnOWARywriRCfxVK/JnhBaY8VLyPGnKYfykbHhOxUCEHESKPaCaB5talP4BEefRFfl3nNrZ7rjSpYlvgfQGIqA5Qme2NnUzZJehE/mIXfbgqls8dyKO3CughjqAXjfTtBXhfqKre1oFwerQjJ95x64Okfam/i6+9MrCq1mYsOcoV8Vu39bRdQEUoEsIgJzXPYGwflAKojh6Lri9cimDmYzPfol+p9qIVITxf/bRlHXJqnPLZa5E9T68gbnods28IoEM= sergey@isa"
          },
          "sensitive_attributes": [],
          "private": "bnVsbA=="
        }
      ]
    },
    {
      "mode": "managed",
      "type": "null_resource",
      "name": "root_password",
      "provider": "provider[\"registry.terraform.io/hashicorp/null\"]",
      "instances": [
        {
          "schema_version": 0,
          "attributes": {
            "id": "7872710641776200821",
            "triggers": null
          },
          "sensitive_attributes": [],
          "private": "bnVsbA==",
          "dependencies": [
            "data.digitalocean_ssh_key.reb_key",
            "digitalocean_droplet.node1",
            "digitalocean_ssh_key.my"
          ]
        }
      ]
    }
  ]
}
